
Microsoft Visual Studio Solution File, Format Version 12.00
# Visual Studio Version 17
VisualStudioVersion = 17.3.32929.385
MinimumVisualStudioVersion = 10.0.40219.1
Project("{FAE04EC0-301F-11D3-BF4B-00C04F79EFBC}") = "TesteImagem", "TesteImagem\TesteImagem.csproj", "{0BAF7CB3-E998-4163-9A4F-29FB17F5872F}"
EndProject
Global
	GlobalSection(SolutionConfigurationPlatforms) = preSolution
		Debug|Any CPU = Debug|Any CPU
		Release|Any CPU = Release|Any CPU
	EndGlobalSection
	GlobalSection(ProjectConfigurationPlatforms) = postSolution
		{0BAF7CB3-E998-4163-9A4F-29FB17F5872F}.Debug|Any CPU.ActiveCfg = Debug|Any CPU
		{0BAF7CB3-E998-4163-9A4F-29FB17F5872F}.Debug|Any CPU.Build.0 = Debug|Any CPU
		{0BAF7CB3-E998-4163-9A4F-29FB17F5872F}.Release|Any CPU.ActiveCfg = Release|Any CPU
		{0BAF7CB3-E998-4163-9A4F-29FB17F5872F}.Release|Any CPU.Build.0 = Release|Any CPU
	EndGlobalSection
	GlobalSection(SolutionProperties) = preSolution
		HideSolutionNode = FALSE
	EndGlobalSection
	GlobalSection(ExtensibilityGlobals) = postSolution
		SolutionGuid = {9CEC9836-1051-48A7-8BE7-B2939777B2C8}
	EndGlobalSection
EndGlobal
